{
  "version": 4,
  "terraform_version": "1.5.4",
  "serial": 30,
  "lineage": "71a4a915-9b14-9aa4-d21d-1a08ac971cbc",
  "outputs": {},
  "resources": [
    {
      "mode": "managed",
      "type": "google_bigquery_dataset",
      "name": "dataset",
      "provider": "provider[\"registry.terraform.io/hashicorp/google\"]",
      "instances": [
        {
          "schema_version": 0,
          "attributes": {
            "access": [
              {
                "dataset": [],
                "domain": "",
                "group_by_email": "",
                "role": "OWNER",
                "routine": [],
                "special_group": "",
                "user_by_email": "plasteqltd@gmail.com",
                "view": []
              },
              {
                "dataset": [],
                "domain": "",
                "group_by_email": "",
                "role": "OWNER",
                "routine": [],
                "special_group": "projectOwners",
                "user_by_email": "",
                "view": []
              },
              {
                "dataset": [],
                "domain": "",
                "group_by_email": "",
                "role": "READER",
                "routine": [],
                "special_group": "projectReaders",
                "user_by_email": "",
                "view": []
              },
              {
                "dataset": [],
                "domain": "",
                "group_by_email": "",
                "role": "WRITER",
                "routine": [],
                "special_group": "projectWriters",
                "user_by_email": "",
                "view": []
              }
            ],
            "creation_time": 1690375296413,
            "dataset_id": "trips_data_all",
            "default_collation": "",
            "default_encryption_configuration": [],
            "default_partition_expiration_ms": 0,
            "default_table_expiration_ms": 0,
            "delete_contents_on_destroy": false,
            "description": "",
            "etag": "5aF0YGwtyvEpdF5lFlGrDQ==",
            "friendly_name": "",
            "id": "projects/fourth-library-393410/datasets/trips_data_all",
            "is_case_insensitive": false,
            "labels": {},
            "last_modified_time": 1690375296413,
            "location": "europe-west6",
            "max_time_travel_hours": "",
            "project": "fourth-library-393410",
            "self_link": "https://bigquery.googleapis.com/bigquery/v2/projects/fourth-library-393410/datasets/trips_data_all",
            "storage_billing_model": "",
            "timeouts": null
          },
          "sensitive_attributes": [],
          "private": "eyJlMmJmYjczMC1lY2FhLTExZTYtOGY4OC0zNDM2M2JjN2M0YzAiOnsiY3JlYXRlIjoxMjAwMDAwMDAwMDAwLCJkZWxldGUiOjEyMDAwMDAwMDAwMDAsInVwZGF0ZSI6MTIwMDAwMDAwMDAwMH19"
        }
      ]
    },
    {
      "mode": "managed",
      "type": "google_bigquery_table",
      "name": "dataset",
      "provider": "provider[\"registry.terraform.io/hashicorp/google\"]",
      "instances": [
        {
          "schema_version": 0,
          "attributes": {
            "clustering": null,
            "creation_time": 1690375298353,
            "dataset_id": "trips_data_all",
            "deletion_protection": true,
            "description": "",
            "encryption_configuration": [],
            "etag": "GH0hy6dlZe6X/VKqminsuw==",
            "expiration_time": 0,
            "external_data_configuration": [],
            "friendly_name": "",
            "id": "projects/fourth-library-393410/datasets/trips_data_all/tables/rides",
            "labels": {},
            "last_modified_time": 1690375298427,
            "location": "europe-west6",
            "materialized_view": [],
            "num_bytes": 0,
            "num_long_term_bytes": 0,
            "num_rows": 0,
            "project": "fourth-library-393410",
            "range_partitioning": [],
            "schema": null,
            "self_link": "https://bigquery.googleapis.com/bigquery/v2/projects/fourth-library-393410/datasets/trips_data_all/tables/rides",
            "table_id": "rides",
            "time_partitioning": [],
            "type": "TABLE",
            "view": []
          },
          "sensitive_attributes": [],
          "private": "bnVsbA==",
          "dependencies": [
            "google_bigquery_dataset.dataset"
          ]
        }
      ]
    }
  ],
  "check_results": null
}
